
Microsoft Visual Studio Solution File, Format Version 12.00
# Visual Studio Version 16
VisualStudioVersion = 16.0.30709.64
MinimumVisualStudioVersion = 10.0.40219.1
Project("{9A19103F-16F7-4668-BE54-9A1E7A4F7556}") = "ComponentRenderIssue.Server", "ComponentRenderIssue\Server\ComponentRenderIssue.Server.csproj", "{4F8E4395-D436-48FE-A5A3-781C7F4B2792}"
EndProject
Project("{9A19103F-16F7-4668-BE54-9A1E7A4F7556}") = "ComponentRenderIssue.Client", "ComponentRenderIssue\Client\ComponentRenderIssue.Client.csproj", "{6B95FCF5-1456-42AC-A720-AA9298BD8460}"
EndProject
Project("{2150E333-8FDC-42A3-9474-1A3956D46DE8}") = "Solution Items", "Solution Items", "{1D0BBB75-0FAD-492E-B136-D4B8B6FBF9DE}"
	ProjectSection(SolutionItems) = preProject
		.gitignore = .gitignore
		README.md = README.md
	EndProjectSection
EndProject
Global
	GlobalSection(SolutionConfigurationPlatforms) = preSolution
		Debug|Any CPU = Debug|Any CPU
		Release|Any CPU = Release|Any CPU
	EndGlobalSection
	GlobalSection(ProjectConfigurationPlatforms) = postSolution
		{4F8E4395-D436-48FE-A5A3-781C7F4B2792}.Debug|Any CPU.ActiveCfg = Debug|Any CPU
		{4F8E4395-D436-48FE-A5A3-781C7F4B2792}.Debug|Any CPU.Build.0 = Debug|Any CPU
		{4F8E4395-D436-48FE-A5A3-781C7F4B2792}.Release|Any CPU.ActiveCfg = Release|Any CPU
		{4F8E4395-D436-48FE-A5A3-781C7F4B2792}.Release|Any CPU.Build.0 = Release|Any CPU
		{6B95FCF5-1456-42AC-A720-AA9298BD8460}.Debug|Any CPU.ActiveCfg = Debug|Any CPU
		{6B95FCF5-1456-42AC-A720-AA9298BD8460}.Debug|Any CPU.Build.0 = Debug|Any CPU
		{6B95FCF5-1456-42AC-A720-AA9298BD8460}.Release|Any CPU.ActiveCfg = Release|Any CPU
		{6B95FCF5-1456-42AC-A720-AA9298BD8460}.Release|Any CPU.Build.0 = Release|Any CPU
	EndGlobalSection
	GlobalSection(SolutionProperties) = preSolution
		HideSolutionNode = FALSE
	EndGlobalSection
	GlobalSection(ExtensibilityGlobals) = postSolution
		SolutionGuid = {7005D271-92C0-4A3B-9090-FDC4C9C1D9B4}
	EndGlobalSection
EndGlobal
