
Microsoft Visual Studio Solution File, Format Version 12.00
# Visual Studio Version 16
VisualStudioVersion = 16.0.30803.129
MinimumVisualStudioVersion = 10.0.40219.1
Project("{FAE04EC0-301F-11D3-BF4B-00C04F79EFBC}") = "ComponentRenderIssue", "ComponentRenderIssue\ComponentRenderIssue.csproj", "{F102B0B6-AA95-415C-882F-4EEA75762271}"
EndProject
Global
	GlobalSection(SolutionConfigurationPlatforms) = preSolution
		Debug|Any CPU = Debug|Any CPU
		Release|Any CPU = Release|Any CPU
	EndGlobalSection
	GlobalSection(ProjectConfigurationPlatforms) = postSolution
		{F102B0B6-AA95-415C-882F-4EEA75762271}.Debug|Any CPU.ActiveCfg = Debug|Any CPU
		{F102B0B6-AA95-415C-882F-4EEA75762271}.Debug|Any CPU.Build.0 = Debug|Any CPU
		{F102B0B6-AA95-415C-882F-4EEA75762271}.Release|Any CPU.ActiveCfg = Release|Any CPU
		{F102B0B6-AA95-415C-882F-4EEA75762271}.Release|Any CPU.Build.0 = Release|Any CPU
	EndGlobalSection
	GlobalSection(SolutionProperties) = preSolution
		HideSolutionNode = FALSE
	EndGlobalSection
	GlobalSection(ExtensibilityGlobals) = postSolution
		SolutionGuid = {DC7F65E0-37F5-4867-B348-DD50980C50CF}
	EndGlobalSection
EndGlobal
